
Microsoft Visual Studio Solution File, Format Version 12.00
# Visual Studio Version 17
VisualStudioVersion = 17.5.33516.290
MinimumVisualStudioVersion = 10.0.40219.1
Project("{9A19103F-16F7-4668-BE54-9A1E7A4F7556}") = "CursoCSharp", "CursoCSharp\CursoCSharp.csproj", "{7D188ECF-D054-4F97-A8BA-73F7148FC2D8}"
EndProject
Project("{FAE04EC0-301F-11D3-BF4B-00C04F79EFBC}") = "Encapsulamento", "Encapsulamento\Encapsulamento.csproj", "{DD50AB06-DD79-4522-903F-166284740AC6}"
EndProject
Global
	GlobalSection(SolutionConfigurationPlatforms) = preSolution
		Debug|Any CPU = Debug|Any CPU
		Release|Any CPU = Release|Any CPU
	EndGlobalSection
	GlobalSection(ProjectConfigurationPlatforms) = postSolution
		{7D188ECF-D054-4F97-A8BA-73F7148FC2D8}.Debug|Any CPU.ActiveCfg = Debug|Any CPU
		{7D188ECF-D054-4F97-A8BA-73F7148FC2D8}.Debug|Any CPU.Build.0 = Debug|Any CPU
		{7D188ECF-D054-4F97-A8BA-73F7148FC2D8}.Release|Any CPU.ActiveCfg = Release|Any CPU
		{7D188ECF-D054-4F97-A8BA-73F7148FC2D8}.Release|Any CPU.Build.0 = Release|Any CPU
		{DD50AB06-DD79-4522-903F-166284740AC6}.Debug|Any CPU.ActiveCfg = Debug|Any CPU
		{DD50AB06-DD79-4522-903F-166284740AC6}.Debug|Any CPU.Build.0 = Debug|Any CPU
		{DD50AB06-DD79-4522-903F-166284740AC6}.Release|Any CPU.ActiveCfg = Release|Any CPU
		{DD50AB06-DD79-4522-903F-166284740AC6}.Release|Any CPU.Build.0 = Release|Any CPU
	EndGlobalSection
	GlobalSection(SolutionProperties) = preSolution
		HideSolutionNode = FALSE
	EndGlobalSection
	GlobalSection(ExtensibilityGlobals) = postSolution
		SolutionGuid = {42028CC9-65FD-4F12-A1CA-96D8897DEA0F}
	EndGlobalSection
EndGlobal
